
Microsoft Visual Studio Solution File, Format Version 12.00
# Visual Studio Version 17
VisualStudioVersion = 17.12.35527.113
MinimumVisualStudioVersion = 10.0.40219.1
Project("{8BC9CEB8-8B4A-11D0-8D11-00A0C91BC942}") = "AddressList", "AddressList\AddressList.vcxproj", "{1AD5B92F-7445-433E-9F77-E76AA8787707}"
EndProject
Project("{8BC9CEB8-8B4A-11D0-8D11-00A0C91BC942}") = "adressbook", "..\AdressBook\adressbook\adressbook.vcxproj", "{5B4AE065-2403-4B54-B922-51630B26DC9B}"
EndProject
Global
	GlobalSection(SolutionConfigurationPlatforms) = preSolution
		Debug|x64 = Debug|x64
		Debug|x86 = Debug|x86
		Release|x64 = Release|x64
		Release|x86 = Release|x86
	EndGlobalSection
	GlobalSection(ProjectConfigurationPlatforms) = postSolution
		{1AD5B92F-7445-433E-9F77-E76AA8787707}.Debug|x64.ActiveCfg = Debug|x64
		{1AD5B92F-7445-433E-9F77-E76AA8787707}.Debug|x64.Build.0 = Debug|x64
		{1AD5B92F-7445-433E-9F77-E76AA8787707}.Debug|x86.ActiveCfg = Debug|Win32
		{1AD5B92F-7445-433E-9F77-E76AA8787707}.Debug|x86.Build.0 = Debug|Win32
		{1AD5B92F-7445-433E-9F77-E76AA8787707}.Release|x64.ActiveCfg = Release|x64
		{1AD5B92F-7445-433E-9F77-E76AA8787707}.Release|x64.Build.0 = Release|x64
		{1AD5B92F-7445-433E-9F77-E76AA8787707}.Release|x86.ActiveCfg = Release|Win32
		{1AD5B92F-7445-433E-9F77-E76AA8787707}.Release|x86.Build.0 = Release|Win32
		{5B4AE065-2403-4B54-B922-51630B26DC9B}.Debug|x64.ActiveCfg = Debug|x64
		{5B4AE065-2403-4B54-B922-51630B26DC9B}.Debug|x64.Build.0 = Debug|x64
		{5B4AE065-2403-4B54-B922-51630B26DC9B}.Debug|x86.ActiveCfg = Debug|Win32
		{5B4AE065-2403-4B54-B922-51630B26DC9B}.Debug|x86.Build.0 = Debug|Win32
		{5B4AE065-2403-4B54-B922-51630B26DC9B}.Release|x64.ActiveCfg = Release|x64
		{5B4AE065-2403-4B54-B922-51630B26DC9B}.Release|x64.Build.0 = Release|x64
		{5B4AE065-2403-4B54-B922-51630B26DC9B}.Release|x86.ActiveCfg = Release|Win32
		{5B4AE065-2403-4B54-B922-51630B26DC9B}.Release|x86.Build.0 = Release|Win32
	EndGlobalSection
	GlobalSection(SolutionProperties) = preSolution
		HideSolutionNode = FALSE
	EndGlobalSection
EndGlobal
