
Microsoft Visual Studio Solution File, Format Version 12.00
# Visual Studio Version 17
VisualStudioVersion = 17.12.35527.113
MinimumVisualStudioVersion = 10.0.40219.1
Project("{8BC9CEB8-8B4A-11D0-8D11-00A0C91BC942}") = "AdressBook", "AdressBook\AdressBook.vcxproj", "{70094B02-AF66-4031-A8D8-2B5CE056364D}"
EndProject
Project("{2150E333-8FDC-42A3-9474-1A3956D46DE8}") = "ソリューション項目", "ソリューション項目", "{B351B849-9FEA-4238-975C-D846619CEA1F}"
	ProjectSection(SolutionItems) = preProject
		AdressBook\adressDef.h = AdressBook\adressDef.h
		AdressBook\adressFunc.c = AdressBook\adressFunc.c
		AdressBook\adressMain.c = AdressBook\adressMain.c
		AdressBook\adressProt.h = AdressBook\adressProt.h
		AdressBook\adressType.h = AdressBook\adressType.h
		AdressBook\usefullFnc.c = AdressBook\usefullFnc.c
		AdressBook\構造体メモ.txt = AdressBook\構造体メモ.txt
	EndProjectSection
EndProject
Global
	GlobalSection(SolutionConfigurationPlatforms) = preSolution
		Debug|x64 = Debug|x64
		Debug|x86 = Debug|x86
		Release|x64 = Release|x64
		Release|x86 = Release|x86
	EndGlobalSection
	GlobalSection(ProjectConfigurationPlatforms) = postSolution
		{70094B02-AF66-4031-A8D8-2B5CE056364D}.Debug|x64.ActiveCfg = Debug|x64
		{70094B02-AF66-4031-A8D8-2B5CE056364D}.Debug|x64.Build.0 = Debug|x64
		{70094B02-AF66-4031-A8D8-2B5CE056364D}.Debug|x86.ActiveCfg = Debug|Win32
		{70094B02-AF66-4031-A8D8-2B5CE056364D}.Debug|x86.Build.0 = Debug|Win32
		{70094B02-AF66-4031-A8D8-2B5CE056364D}.Release|x64.ActiveCfg = Release|x64
		{70094B02-AF66-4031-A8D8-2B5CE056364D}.Release|x64.Build.0 = Release|x64
		{70094B02-AF66-4031-A8D8-2B5CE056364D}.Release|x86.ActiveCfg = Release|Win32
		{70094B02-AF66-4031-A8D8-2B5CE056364D}.Release|x86.Build.0 = Release|Win32
	EndGlobalSection
	GlobalSection(SolutionProperties) = preSolution
		HideSolutionNode = FALSE
	EndGlobalSection
EndGlobal
